
Microsoft Visual Studio Solution File, Format Version 12.00
# Visual Studio 14
VisualStudioVersion = 14.0.25420.1
MinimumVisualStudioVersion = 10.0.40219.1
Project("{FAE04EC0-301F-11D3-BF4B-00C04F79EFBC}") = "WindowsFormsApplication1", "WindowsFormsApplication1\WindowsFormsApplication1.csproj", "{1BEBB3D3-E4B9-4BCF-B4FF-DA73395BDE4A}"
EndProject
Project("{FAE04EC0-301F-11D3-BF4B-00C04F79EFBC}") = "ConsoleApplication2", "ConsoleApplication2\ConsoleApplication2.csproj", "{7DF8BF94-6E62-444B-AAC7-9A423F6A0E9D}"
EndProject
Global
	GlobalSection(SolutionConfigurationPlatforms) = preSolution
		Debug|Any CPU = Debug|Any CPU
		Release|Any CPU = Release|Any CPU
	EndGlobalSection
	GlobalSection(ProjectConfigurationPlatforms) = postSolution
		{1BEBB3D3-E4B9-4BCF-B4FF-DA73395BDE4A}.Debug|Any CPU.ActiveCfg = Debug|Any CPU
		{1BEBB3D3-E4B9-4BCF-B4FF-DA73395BDE4A}.Debug|Any CPU.Build.0 = Debug|Any CPU
		{1BEBB3D3-E4B9-4BCF-B4FF-DA73395BDE4A}.Release|Any CPU.ActiveCfg = Release|Any CPU
		{1BEBB3D3-E4B9-4BCF-B4FF-DA73395BDE4A}.Release|Any CPU.Build.0 = Release|Any CPU
		{7DF8BF94-6E62-444B-AAC7-9A423F6A0E9D}.Debug|Any CPU.ActiveCfg = Debug|Any CPU
		{7DF8BF94-6E62-444B-AAC7-9A423F6A0E9D}.Debug|Any CPU.Build.0 = Debug|Any CPU
		{7DF8BF94-6E62-444B-AAC7-9A423F6A0E9D}.Release|Any CPU.ActiveCfg = Release|Any CPU
		{7DF8BF94-6E62-444B-AAC7-9A423F6A0E9D}.Release|Any CPU.Build.0 = Release|Any CPU
	EndGlobalSection
	GlobalSection(SolutionProperties) = preSolution
		HideSolutionNode = FALSE
	EndGlobalSection
EndGlobal
